
Microsoft Visual Studio Solution File, Format Version 12.00
# Visual Studio Version 17
VisualStudioVersion = 17.5.33530.505
MinimumVisualStudioVersion = 10.0.40219.1
Project("{FAE04EC0-301F-11D3-BF4B-00C04F79EFBC}") = "DefaultStore", "DefaultStore\DefaultStore.csproj", "{66FE270D-0926-4FDC-B24B-70CA9B8A1DA8}"
EndProject
Global
	GlobalSection(SolutionConfigurationPlatforms) = preSolution
		Debug|Any CPU = Debug|Any CPU
		Release|Any CPU = Release|Any CPU
	EndGlobalSection
	GlobalSection(ProjectConfigurationPlatforms) = postSolution
		{66FE270D-0926-4FDC-B24B-70CA9B8A1DA8}.Debug|Any CPU.ActiveCfg = Debug|Any CPU
		{66FE270D-0926-4FDC-B24B-70CA9B8A1DA8}.Debug|Any CPU.Build.0 = Debug|Any CPU
		{66FE270D-0926-4FDC-B24B-70CA9B8A1DA8}.Release|Any CPU.ActiveCfg = Release|Any CPU
		{66FE270D-0926-4FDC-B24B-70CA9B8A1DA8}.Release|Any CPU.Build.0 = Release|Any CPU
	EndGlobalSection
	GlobalSection(SolutionProperties) = preSolution
		HideSolutionNode = FALSE
	EndGlobalSection
	GlobalSection(ExtensibilityGlobals) = postSolution
		SolutionGuid = {A1632FA9-9993-4A28-A186-4BEEE2016338}
	EndGlobalSection
EndGlobal
